{
  "lockfile_version": "1",
  "packages": {
    "expect@latest": {
      "last_modified": "2025-10-07T08:41:47Z",
      "resolved": "github:NixOS/nixpkgs/bce5fe2bb998488d8e7e7856315f90496723793c#expect",
      "source": "devbox-search",
      "version": "5.45.4",
      "systems": {
        "aarch64-darwin": {
          "outputs": [
            {
              "name": "out",
              "path": "/nix/store/xflbjwi3ziyqkpdrqp8qzcyc92aaks41-expect-5.45.4",
              "default": true
            },
            {
              "name": "dev",
              "path": "/nix/store/wcn5653f4wk7323fk5lvpclc4mi602nz-expect-5.45.4-dev"
            }
          ],
          "store_path": "/nix/store/xflbjwi3ziyqkpdrqp8qzcyc92aaks41-expect-5.45.4"
        },
        "aarch64-linux": {
          "outputs": [
            {
              "name": "out",
              "path": "/nix/store/1lvhjmvyd50lzbqz4pg4gdg4s2mbfrr4-expect-5.45.4",
              "default": true
            },
            {
              "name": "dev",
              "path": "/nix/store/n5znnk1hw8jqsh7gbcii75kqz8n7a0lv-expect-5.45.4-dev"
            }
          ],
          "store_path": "/nix/store/1lvhjmvyd50lzbqz4pg4gdg4s2mbfrr4-expect-5.45.4"
        },
        "x86_64-darwin": {
          "outputs": [
            {
              "name": "out",
              "path": "/nix/store/7pfbi9m8xsx6r9xhgjd5m0q3rkqbhdyh-expect-5.45.4",
              "default": true
            },
            {
              "name": "dev",
              "path": "/nix/store/fhza5anzb5qhic99phj2j0drpnhr9jsx-expect-5.45.4-dev"
            }
          ],
          "store_path": "/nix/store/7pfbi9m8xsx6r9xhgjd5m0q3rkqbhdyh-expect-5.45.4"
        },
        "x86_64-linux": {
          "outputs": [
            {
              "name": "out",
              "path": "/nix/store/ggcvgwhp9ihh45153fbp45l5f78pprz4-expect-5.45.4",
              "default": true
            },
            {
              "name": "dev",
              "path": "/nix/store/m9xbcjqigzvlnfip6dknrhl7l64pjc2q-expect-5.45.4-dev"
            }
          ],
          "store_path": "/nix/store/ggcvgwhp9ihh45153fbp45l5f78pprz4-expect-5.45.4"
        }
      }
    },
    "git@latest": {
      "last_modified": "2025-10-09T02:37:25Z",
      "resolved": "github:NixOS/nixpkgs/2dad7af78a183b6c486702c18af8a9544f298377#git",
      "source": "devbox-search",
      "version": "2.51.0",
      "systems": {
        "aarch64-darwin": {
          "outputs": [
            {
              "name": "out",
              "path": "/nix/store/pm302wxb0pkwi006sz9dviw30mkz5y00-git-2.51.0",
              "default": true
            },
            {
              "name": "doc",
              "path": "/nix/store/wmbsv0kbk7qcbq3d7j9ks0cq05729sgc-git-2.51.0-doc"
            }
          ],
          "store_path": "/nix/store/pm302wxb0pkwi006sz9dviw30mkz5y00-git-2.51.0"
        },
        "aarch64-linux": {
          "outputs": [
            {
              "name": "out",
              "path": "/nix/store/r69a5mdcc3kwnnc6xlq391aybikda4kn-git-2.51.0",
              "default": true
            },
            {
              "name": "debug",
              "path": "/nix/store/23rv1yi353k64ihdkby7nvb4q5zf4nr6-git-2.51.0-debug"
            },
            {
              "name": "doc",
              "path": "/nix/store/prqym8j8s50gbq85y1f0wfiaylrfqjf9-git-2.51.0-doc"
            }
          ],
          "store_path": "/nix/store/r69a5mdcc3kwnnc6xlq391aybikda4kn-git-2.51.0"
        },
        "x86_64-darwin": {
          "outputs": [
            {
              "name": "out",
              "path": "/nix/store/jllay36l7wbc5y76429n1n5sfdmy0frp-git-2.51.0",
              "default": true
            },
            {
              "name": "doc",
              "path": "/nix/store/gmjk0q6m10ld75d8z4hyfhc0izr5jkg0-git-2.51.0-doc"
            }
          ],
          "store_path": "/nix/store/jllay36l7wbc5y76429n1n5sfdmy0frp-git-2.51.0"
        },
        "x86_64-linux": {
          "outputs": [
            {
              "name": "out",
              "path": "/nix/store/0vbjxlqj8zp0pdjl2szvg17a98vqwyqj-git-2.51.0",
              "default": true
            },
            {
              "name": "debug",
              "path": "/nix/store/43p28p01lbl4l1xj4hicpckkdyfdvkr3-git-2.51.0-debug"
            },
            {
              "name": "doc",
              "path": "/nix/store/bjl8dr5jw9cqiy5l62k927nd04qpbgsc-git-2.51.0-doc"
            }
          ],
          "store_path": "/nix/store/0vbjxlqj8zp0pdjl2szvg17a98vqwyqj-git-2.51.0"
        }
      }
    },
    "github:NixOS/nixpkgs/nixpkgs-unstable": {
      "last_modified": "2025-10-16T06:36:44Z",
      "resolved": "github:NixOS/nixpkgs/3cbe716e2346710d6e1f7c559363d14e11c32a43?lastModified=1760596604&narHash=sha256-J%2Fi5K6AAz%2Fy5dBePHQOuzC7MbhyTOKsd%2FGLezSbEFiM%3D"
    },
    "gnumake@latest": {
      "last_modified": "2025-10-07T08:41:47Z",
      "resolved": "github:NixOS/nixpkgs/bce5fe2bb998488d8e7e7856315f90496723793c#gnumake",
      "source": "devbox-search",
      "version": "4.4.1",
      "systems": {
        "aarch64-darwin": {
          "outputs": [
            {
              "name": "out",
              "path": "/nix/store/308q7v3aaiw4d1wjijy7xcszlgnfadb6-gnumake-4.4.1",
              "default": true
            },
            {
              "name": "man",
              "path": "/nix/store/dkvrvkwhb259fgmndacwafvvh4bnli2p-gnumake-4.4.1-man",
              "default": true
            },
            {
              "name": "info",
              "path": "/nix/store/sm48wfivmhljjpyhfnmzpf563jgj33mz-gnumake-4.4.1-info"
            }
          ],
          "store_path": "/nix/store/308q7v3aaiw4d1wjijy7xcszlgnfadb6-gnumake-4.4.1"
        },
        "aarch64-linux": {
          "outputs": [
            {
              "name": "out",
              "path": "/nix/store/vcrz2m3vg65ipcsng5il3lppdjkzjq3l-gnumake-4.4.1",
              "default": true
            },
            {
              "name": "man",
              "path": "/nix/store/vrsjc5zm54xvjryf3w8cln538lj6ni4x-gnumake-4.4.1-man",
              "default": true
            },
            {
              "name": "debug",
              "path": "/nix/store/0d4xkinli9gx5axy7mgn1x42lz17q94m-gnumake-4.4.1-debug"
            },
            {
              "name": "info",
              "path": "/nix/store/0vls7lnzb6lzv0r558qc4q8jg958isc3-gnumake-4.4.1-info"
            }
          ],
          "store_path": "/nix/store/vcrz2m3vg65ipcsng5il3lppdjkzjq3l-gnumake-4.4.1"
        },
        "x86_64-darwin": {
          "outputs": [
            {
              "name": "out",
              "path": "/nix/store/20mqrgg6bv22w6sis9ljssgqjf7byqby-gnumake-4.4.1",
              "default": true
            },
            {
              "name": "man",
              "path": "/nix/store/jdfjjl6lxr3011z74phfbdjzcmlllfw5-gnumake-4.4.1-man",
              "default": true
            },
            {
              "name": "info",
              "path": "/nix/store/my7zgdi3sjdrzx0rvyn67zs9nsk8m6bp-gnumake-4.4.1-info"
            }
          ],
          "store_path": "/nix/store/20mqrgg6bv22w6sis9ljssgqjf7byqby-gnumake-4.4.1"
        },
        "x86_64-linux": {
          "outputs": [
            {
              "name": "out",
              "path": "/nix/store/501f7gwkgv25pa4fv9xvixrhvgv1875k-gnumake-4.4.1",
              "default": true
            },
            {
              "name": "man",
              "path": "/nix/store/lj5ln02qqgpd5g0n0pm1s3c5lazkcn54-gnumake-4.4.1-man",
              "default": true
            },
            {
              "name": "debug",
              "path": "/nix/store/h6nv4xwxfy6cjq8iklnd11all52550f6-gnumake-4.4.1-debug"
            },
            {
              "name": "info",
              "path": "/nix/store/qn84s5mi367wlpifmxpam2vmdqmjnqba-gnumake-4.4.1-info"
            }
          ],
          "store_path": "/nix/store/501f7gwkgv25pa4fv9xvixrhvgv1875k-gnumake-4.4.1"
        }
      }
    },
    "gnupg@latest": {
      "last_modified": "2025-10-07T08:41:47Z",
      "resolved": "github:NixOS/nixpkgs/bce5fe2bb998488d8e7e7856315f90496723793c#gnupg",
      "source": "devbox-search",
      "version": "2.4.8",
      "systems": {
        "aarch64-darwin": {
          "outputs": [
            {
              "name": "out",
              "path": "/nix/store/5v8q62s03c31q7n5slpiyf1plcgyk8dv-gnupg-2.4.8",
              "default": true
            }
          ],
          "store_path": "/nix/store/5v8q62s03c31q7n5slpiyf1plcgyk8dv-gnupg-2.4.8"
        },
        "aarch64-linux": {
          "outputs": [
            {
              "name": "out",
              "path": "/nix/store/kl237hdcwrcicfvxzlvv8ggcglvg3g2g-gnupg-2.4.8",
              "default": true
            }
          ],
          "store_path": "/nix/store/kl237hdcwrcicfvxzlvv8ggcglvg3g2g-gnupg-2.4.8"
        },
        "x86_64-darwin": {
          "outputs": [
            {
              "name": "out",
              "path": "/nix/store/3wp29sg6r3m5ny7n5xd1lg3alj5fpz8i-gnupg-2.4.8",
              "default": true
            }
          ],
          "store_path": "/nix/store/3wp29sg6r3m5ny7n5xd1lg3alj5fpz8i-gnupg-2.4.8"
        },
        "x86_64-linux": {
          "outputs": [
            {
              "name": "out",
              "path": "/nix/store/sws8hkfjlnmmbnr9r1lla2vr0da9dip3-gnupg-2.4.8",
              "default": true
            }
          ],
          "store_path": "/nix/store/sws8hkfjlnmmbnr9r1lla2vr0da9dip3-gnupg-2.4.8"
        }
      }
    },
    "libisoburn@latest": {
      "last_modified": "2025-10-07T08:41:47Z",
      "resolved": "github:NixOS/nixpkgs/bce5fe2bb998488d8e7e7856315f90496723793c#libisoburn",
      "source": "devbox-search",
      "version": "1.5.6",
      "systems": {
        "aarch64-darwin": {
          "outputs": [
            {
              "name": "out",
              "path": "/nix/store/5mrv3xsrkhdf9jawshy98ixsbzdczivc-libisoburn-1.5.6",
              "default": true
            },
            {
              "name": "man",
              "path": "/nix/store/9k9w792j2i9im6lqfvga7z30iaxyrmns-libisoburn-1.5.6-man",
              "default": true
            },
            {
              "name": "dev",
              "path": "/nix/store/wgaca438vzk8hgpiq3yjrj477hw6xsxh-libisoburn-1.5.6-dev"
            },
            {
              "name": "info",
              "path": "/nix/store/x24m5imw5zw4iz5nf0s8cznly6amzgw6-libisoburn-1.5.6-info"
            },
            {
              "name": "lib",
              "path": "/nix/store/8ngj9725av37ihayyx6bh33wdcar95d6-libisoburn-1.5.6-lib"
            }
          ],
          "store_path": "/nix/store/5mrv3xsrkhdf9jawshy98ixsbzdczivc-libisoburn-1.5.6"
        },
        "aarch64-linux": {
          "outputs": [
            {
              "name": "out",
              "path": "/nix/store/0vav3fxnkl9g091c0a05apllm1mprr2d-libisoburn-1.5.6",
              "default": true
            },
            {
              "name": "man",
              "path": "/nix/store/jqhxgmcj134f313zax3j30l5hys1qxv9-libisoburn-1.5.6-man",
              "default": true
            },
            {
              "name": "dev",
              "path": "/nix/store/cx3pl4yc7ldpa72hsymb9xkwv9gnd9z5-libisoburn-1.5.6-dev"
            },
            {
              "name": "info",
              "path": "/nix/store/7m0b64fmhggcr8gh0zq66ip1qvwpma44-libisoburn-1.5.6-info"
            },
            {
              "name": "lib",
              "path": "/nix/store/nx9wmp4vwwb2s7l897cn1mqpklls5gy8-libisoburn-1.5.6-lib"
            }
          ],
          "store_path": "/nix/store/0vav3fxnkl9g091c0a05apllm1mprr2d-libisoburn-1.5.6"
        },
        "x86_64-darwin": {
          "outputs": [
            {
              "name": "out",
              "path": "/nix/store/s7fhmq1lirdfg1ngcl5dki18wmyy12hb-libisoburn-1.5.6",
              "default": true
            },
            {
              "name": "man",
              "path": "/nix/store/gl1pq23iv5c84x066m0jcr11mkdrjlxb-libisoburn-1.5.6-man",
              "default": true
            },
            {
              "name": "dev",
              "path": "/nix/store/5i1xl2mayyvpd1805jbfqcbxy0hddib7-libisoburn-1.5.6-dev"
            },
            {
              "name": "info",
              "path": "/nix/store/b4ixmaskv2ahzpsfdb7v4i0qxrisy171-libisoburn-1.5.6-info"
            },
            {
              "name": "lib",
              "path": "/nix/store/bjm1zr6f2zd7gjhrrxykj6xpmcsy2bs1-libisoburn-1.5.6-lib"
            }
          ],
          "store_path": "/nix/store/s7fhmq1lirdfg1ngcl5dki18wmyy12hb-libisoburn-1.5.6"
        },
        "x86_64-linux": {
          "outputs": [
            {
              "name": "out",
              "path": "/nix/store/mdzhvii6nmxqwl1by06qqyyb3ni0qnr0-libisoburn-1.5.6",
              "default": true
            },
            {
              "name": "man",
              "path": "/nix/store/ikwn14mjkldn2bwpsmn6pk389k2zlama-libisoburn-1.5.6-man",
              "default": true
            },
            {
              "name": "dev",
              "path": "/nix/store/dqk59mxjk88lk6z7rjkfl48di2q6rlrr-libisoburn-1.5.6-dev"
            },
            {
              "name": "info",
              "path": "/nix/store/kcr5sqi9ib89nnkp0p74a6cfpz5naijz-libisoburn-1.5.6-info"
            },
            {
              "name": "lib",
              "path": "/nix/store/73fawqi7mniv6syvwk8gr5fndj0v23i0-libisoburn-1.5.6-lib"
            }
          ],
          "store_path": "/nix/store/mdzhvii6nmxqwl1by06qqyyb3ni0qnr0-libisoburn-1.5.6"
        }
      }
    },
    "python@3.13": {
      "last_modified": "2025-05-16T20:19:48Z",
      "plugin_version": "0.0.4",
      "resolved": "github:NixOS/nixpkgs/12a55407652e04dcf2309436eb06fef0d3713ef3#python313",
      "source": "devbox-search",
      "version": "3.13.3",
      "systems": {
        "aarch64-darwin": {
          "outputs": [
            {
              "name": "out",
              "path": "/nix/store/1a8xg8l3m67hxinxzzcsak9736qm9vsf-python3-3.13.3",
              "default": true
            }
          ],
          "store_path": "/nix/store/1a8xg8l3m67hxinxzzcsak9736qm9vsf-python3-3.13.3"
        },
        "aarch64-linux": {
          "outputs": [
            {
              "name": "out",
              "path": "/nix/store/yy0xvc2rydhrs0h1v8d7r3sql347xzz5-python3-3.13.3",
              "default": true
            },
            {
              "name": "debug",
              "path": "/nix/store/42bxfqfrh8cwspl7szr0cw8739xv8qlq-python3-3.13.3-debug"
            }
          ],
          "store_path": "/nix/store/yy0xvc2rydhrs0h1v8d7r3sql347xzz5-python3-3.13.3"
        },
        "x86_64-darwin": {
          "outputs": [
            {
              "name": "out",
              "path": "/nix/store/gbrigjhghz9v2p0zf9b2fnvs0g0yx7q4-python3-3.13.3",
              "default": true
            }
          ],
          "store_path": "/nix/store/gbrigjhghz9v2p0zf9b2fnvs0g0yx7q4-python3-3.13.3"
        },
        "x86_64-linux": {
          "outputs": [
            {
              "name": "out",
              "path": "/nix/store/2mab9iiwhcqwk75qwvp3zv0bvbiaq6cs-python3-3.13.3",
              "default": true
            },
            {
              "name": "debug",
              "path": "/nix/store/9z6k8ijl2md0y2n95yprbjj4vxbfsi15-python3-3.13.3-debug"
            }
          ],
          "store_path": "/nix/store/2mab9iiwhcqwk75qwvp3zv0bvbiaq6cs-python3-3.13.3"
        }
      }
    },
    "uv@latest": {
      "last_modified": "2025-10-07T08:41:47Z",
      "resolved": "github:NixOS/nixpkgs/bce5fe2bb998488d8e7e7856315f90496723793c#uv",
      "source": "devbox-search",
      "version": "0.8.19",
      "systems": {
        "aarch64-darwin": {
          "outputs": [
            {
              "name": "out",
              "path": "/nix/store/lv129j2nzhmqidpp52kf359adwdxxv24-uv-0.8.19",
              "default": true
            }
          ],
          "store_path": "/nix/store/lv129j2nzhmqidpp52kf359adwdxxv24-uv-0.8.19"
        },
        "aarch64-linux": {
          "outputs": [
            {
              "name": "out",
              "path": "/nix/store/rmv0i8zwjsyxkiim6bspy9fx9sqdxi37-uv-0.8.19",
              "default": true
            }
          ],
          "store_path": "/nix/store/rmv0i8zwjsyxkiim6bspy9fx9sqdxi37-uv-0.8.19"
        },
        "x86_64-darwin": {
          "outputs": [
            {
              "name": "out",
              "path": "/nix/store/z2xcpx4vnbkn9v8iqss4d71fgz13n8m1-uv-0.8.19",
              "default": true
            }
          ],
          "store_path": "/nix/store/z2xcpx4vnbkn9v8iqss4d71fgz13n8m1-uv-0.8.19"
        },
        "x86_64-linux": {
          "outputs": [
            {
              "name": "out",
              "path": "/nix/store/jiwzxayklgiacpgj0fivzk7abp7gm6bm-uv-0.8.19",
              "default": true
            }
          ],
          "store_path": "/nix/store/jiwzxayklgiacpgj0fivzk7abp7gm6bm-uv-0.8.19"
        }
      }
    },
    "xfsprogs@latest": {
      "last_modified": "2025-10-12T08:13:11Z",
      "resolved": "github:NixOS/nixpkgs/832e3b6db48508ae436c2c7bfc0cf914eac6938e#xfsprogs",
      "source": "devbox-search",
      "version": "6.16.0",
      "systems": {
        "aarch64-linux": {
          "outputs": [
            {
              "name": "bin",
              "path": "/nix/store/8qfhlz97idqkddf13h4mhanwwflw1jwn-xfsprogs-6.16.0-bin",
              "default": true
            },
            {
              "name": "dev",
              "path": "/nix/store/bxrjryhjlg0bvl3yc761xqhmd0bvjjzm-xfsprogs-6.16.0-dev"
            },
            {
              "name": "doc",
              "path": "/nix/store/dzd7cx9q4yb2m5mxm9g4ylq4vp68s31x-xfsprogs-6.16.0-doc"
            },
            {
              "name": "out",
              "path": "/nix/store/hd0wvfkfrgw1rn5n5kwga7mb2gl21xn2-xfsprogs-6.16.0"
            }
          ],
          "store_path": "/nix/store/8qfhlz97idqkddf13h4mhanwwflw1jwn-xfsprogs-6.16.0-bin"
        },
        "x86_64-linux": {
          "outputs": [
            {
              "name": "bin",
              "path": "/nix/store/gzbfxn51ypdnbigrickprx505hh49d8q-xfsprogs-6.16.0-bin",
              "default": true
            },
            {
              "name": "dev",
              "path": "/nix/store/whsf4i6m51bdd631a83jdl5isxg07kqn-xfsprogs-6.16.0-dev"
            },
            {
              "name": "doc",
              "path": "/nix/store/9z1jjv437iw6y2x4ma4xy699ac44hh8g-xfsprogs-6.16.0-doc"
            },
            {
              "name": "out",
              "path": "/nix/store/i2i7fily1sbqnsbar0550dj21w0bszqn-xfsprogs-6.16.0"
            }
          ],
          "store_path": "/nix/store/gzbfxn51ypdnbigrickprx505hh49d8q-xfsprogs-6.16.0-bin"
        }
      }
    },
    "yq@latest": {
      "last_modified": "2025-10-07T08:41:47Z",
      "resolved": "github:NixOS/nixpkgs/bce5fe2bb998488d8e7e7856315f90496723793c#yq",
      "source": "devbox-search",
      "version": "3.4.3",
      "systems": {
        "aarch64-darwin": {
          "outputs": [
            {
              "name": "out",
              "path": "/nix/store/akc2aqj1w69pg3j6xzzmc5sslb8gzl75-python3.13-yq-3.4.3",
              "default": true
            },
            {
              "name": "dist",
              "path": "/nix/store/sjlaz5lj6wd16xl7ci2gf1xrpihrybzj-python3.13-yq-3.4.3-dist"
            }
          ],
          "store_path": "/nix/store/akc2aqj1w69pg3j6xzzmc5sslb8gzl75-python3.13-yq-3.4.3"
        },
        "aarch64-linux": {
          "outputs": [
            {
              "name": "out",
              "path": "/nix/store/fjbkapgdyh1wyjc87mvifp820lk2qcn4-python3.13-yq-3.4.3",
              "default": true
            },
            {
              "name": "dist",
              "path": "/nix/store/a18i4ydlj243dbvyl5lw83kran83sqvi-python3.13-yq-3.4.3-dist"
            }
          ],
          "store_path": "/nix/store/fjbkapgdyh1wyjc87mvifp820lk2qcn4-python3.13-yq-3.4.3"
        },
        "x86_64-darwin": {
          "outputs": [
            {
              "name": "out",
              "path": "/nix/store/ppdl4m1647x1pjd4925s827841j0s003-python3.13-yq-3.4.3",
              "default": true
            },
            {
              "name": "dist",
              "path": "/nix/store/rjc2cbr545y5vfk8qqffg8wf8f4j7ba3-python3.13-yq-3.4.3-dist"
            }
          ],
          "store_path": "/nix/store/ppdl4m1647x1pjd4925s827841j0s003-python3.13-yq-3.4.3"
        },
        "x86_64-linux": {
          "outputs": [
            {
              "name": "out",
              "path": "/nix/store/7k0rxfa8k34h34hwp00rs4krwyp8wpvz-python3.13-yq-3.4.3",
              "default": true
            },
            {
              "name": "dist",
              "path": "/nix/store/db5rkz22xjsh2zfqarq3850pk134d66g-python3.13-yq-3.4.3-dist"
            }
          ],
          "store_path": "/nix/store/7k0rxfa8k34h34hwp00rs4krwyp8wpvz-python3.13-yq-3.4.3"
        }
      }
    }
  }
}
